
Microsoft Visual Studio Solution File, Format Version 12.00
# Visual Studio Version 17
VisualStudioVersion = 17.4.33122.133
MinimumVisualStudioVersion = 10.0.40219.1
Project("{9A19103F-16F7-4668-BE54-9A1E7A4F7556}") = "ProductManageAPI", "ProductManageAPI\ProductManageAPI.csproj", "{6B05B699-B041-48FA-83F4-5EA9445FE735}"
EndProject
Project("{9A19103F-16F7-4668-BE54-9A1E7A4F7556}") = "APIFirst", "..\APIDemo\APIFirst\APIFirst.csproj", "{7A13FE01-9415-4863-8701-4D16469FED3F}"
EndProject
Project("{9A19103F-16F7-4668-BE54-9A1E7A4F7556}") = "ProductAppClient", "ProductAppClient\ProductAppClient.csproj", "{5F03B268-90ED-4CC5-868B-EDBEC6EF203A}"
EndProject
Project("{9A19103F-16F7-4668-BE54-9A1E7A4F7556}") = "APICLIENT", "..\APIDemo\APICLIENT\APICLIENT.csproj", "{B12F19A1-CF87-4FD3-AE8B-D4557D735E74}"
EndProject
Project("{9A19103F-16F7-4668-BE54-9A1E7A4F7556}") = "Task1", "..\..\..\Desktop\New folder (3)\Task1\Task1\Task1.csproj", "{15473440-8A22-4AEB-BA15-104CF9C7FE8B}"
EndProject
Project("{9A19103F-16F7-4668-BE54-9A1E7A4F7556}") = "Banking Application", "Banking Application\Banking Application.csproj", "{2D53B042-0F96-47FD-BD55-C5B5667542B7}"
EndProject
Project("{2150E333-8FDC-42A3-9474-1A3956D46DE8}") = "Machinetest1", "Machinetest1", "{8B21E422-2427-43E5-B4F7-33C2C1A114AC}"
EndProject
Project("{2150E333-8FDC-42A3-9474-1A3956D46DE8}") = "MachineTest2", "MachineTest2", "{AE750B79-18B7-4830-940F-441713633864}"
EndProject
Project("{2150E333-8FDC-42A3-9474-1A3956D46DE8}") = "MachineTest3", "MachineTest3", "{4E78C24B-A131-4741-9CF3-65ADC1EDF3A2}"
EndProject
Project("{9A19103F-16F7-4668-BE54-9A1E7A4F7556}") = "DepEmp", "..\..\..\Desktop\VS Prac\Machinetest3\DepEmp\DepEmp.csproj", "{53513518-617A-402F-AB52-6E260C044C24}"
EndProject
Project("{9A19103F-16F7-4668-BE54-9A1E7A4F7556}") = "DepEmpClient", "DepEmpClient\DepEmpClient.csproj", "{99947923-5F7A-44D4-9881-779B41592C68}"
EndProject
Project("{9A19103F-16F7-4668-BE54-9A1E7A4F7556}") = "Reversestring", "Reversestring\Reversestring.csproj", "{0422DACF-7C45-45BD-8763-E294346D140D}"
EndProject
Project("{2150E333-8FDC-42A3-9474-1A3956D46DE8}") = "Machinetest crud operations ado", "Machinetest crud operations ado", "{98DAE31B-3345-44D5-8590-C12555DA3C93}"
EndProject
Project("{9A19103F-16F7-4668-BE54-9A1E7A4F7556}") = "crud ado", "crud ado\crud ado.csproj", "{374CA8A3-015C-473C-9871-F1F7CD9E7021}"
EndProject
Project("{9A19103F-16F7-4668-BE54-9A1E7A4F7556}") = "crudado1", "crudado1\crudado1.csproj", "{5A1AF419-AA07-4D90-9D8F-9511CBAA2793}"
EndProject
Project("{2150E333-8FDC-42A3-9474-1A3956D46DE8}") = "CsharpTasks", "CsharpTasks", "{2CB5F388-9622-4730-AE67-B3C881A72EEC}"
EndProject
Project("{9A19103F-16F7-4668-BE54-9A1E7A4F7556}") = "Coffeeshop", "Coffeeshop\Coffeeshop.csproj", "{EF834AA7-284F-4F6E-B3C4-EC6A048B0B7F}"
EndProject
Project("{9A19103F-16F7-4668-BE54-9A1E7A4F7556}") = "Calculation", "Calculation\Calculation.csproj", "{53A724BD-B1F5-401B-A33E-894308FD7078}"
EndProject
Project("{9A19103F-16F7-4668-BE54-9A1E7A4F7556}") = "prime", "prime\prime.csproj", "{E85DF516-EE1D-4A82-A1D6-F596047D01B5}"
EndProject
Project("{9A19103F-16F7-4668-BE54-9A1E7A4F7556}") = "PrimenumbtillTarget", "PrimenumbtillTarget\PrimenumbtillTarget.csproj", "{39A544BD-6904-4983-B5D9-9A47E3FC762B}"
EndProject
Project("{9A19103F-16F7-4668-BE54-9A1E7A4F7556}") = "fibonacci series", "fibonacci series\fibonacci series.csproj", "{827B9A01-536C-4A8A-8989-887B7688FBAC}"
EndProject
Project("{9A19103F-16F7-4668-BE54-9A1E7A4F7556}") = "Palindrome number", "Palindrome number\Palindrome number.csproj", "{755F1670-37E9-46C1-867E-38C5BCD8CABE}"
EndProject
Project("{9A19103F-16F7-4668-BE54-9A1E7A4F7556}") = "palindrome string", "palindrome string\palindrome string.csproj", "{1CD785C4-C48A-4AA2-AB1A-49BC2A8E3C3A}"
EndProject
Project("{9A19103F-16F7-4668-BE54-9A1E7A4F7556}") = "Armstrongnumber", "Armstrongnumber\Armstrongnumber.csproj", "{37E14EDF-4C21-44DC-B798-DCB0E34C30C2}"
EndProject
Project("{9A19103F-16F7-4668-BE54-9A1E7A4F7556}") = "reverseArray", "reverseArray\reverseArray.csproj", "{EFA084A0-FC58-4AAB-ADA5-88EFFBC16784}"
EndProject
Project("{9A19103F-16F7-4668-BE54-9A1E7A4F7556}") = "PrintTHREEFIVE", "PrintTHREEFIVE\PrintTHREEFIVE.csproj", "{FC73CB2F-D898-4D1F-B196-F166DEF7BCE0}"
EndProject
Project("{9A19103F-16F7-4668-BE54-9A1E7A4F7556}") = "progm11", "progm11\progm11.csproj", "{1C58B43C-2F8C-4FB8-9FA8-56400F194F9B}"
EndProject
Project("{9A19103F-16F7-4668-BE54-9A1E7A4F7556}") = "bubblesortarray", "bubblesortarray\bubblesortarray.csproj", "{7F948D50-D2F4-4833-A5E6-E94D612A0FD5}"
EndProject
Project("{9A19103F-16F7-4668-BE54-9A1E7A4F7556}") = "swapping", "swapping\swapping.csproj", "{D648E358-AAA4-4CEC-B22C-CA8FB7097A00}"
EndProject
Project("{9A19103F-16F7-4668-BE54-9A1E7A4F7556}") = "fibonacciseriesUsingResursion", "fibonacciseriesUsingResursion\fibonacciseriesUsingResursion.csproj", "{4A475C63-D6D5-4279-B05E-BE481F0B77A7}"
EndProject
Project("{9A19103F-16F7-4668-BE54-9A1E7A4F7556}") = "FibonacciseriesYeildKeyword", "FibonacciseriesYeildKeyword\FibonacciseriesYeildKeyword.csproj", "{56F05278-DB52-4309-B347-85E30C20A5F7}"
EndProject
Project("{9A19103F-16F7-4668-BE54-9A1E7A4F7556}") = "Highestnumbfromarray", "Highestnumbfromarray\Highestnumbfromarray.csproj", "{80FCF7ED-AB48-42C4-83F0-07542EB2584B}"
EndProject
Project("{9A19103F-16F7-4668-BE54-9A1E7A4F7556}") = "Sum30", "Sum30\Sum30.csproj", "{6DBE0E95-48D2-4F31-9E30-E9A7B4E54161}"
EndProject
Project("{9A19103F-16F7-4668-BE54-9A1E7A4F7556}") = "sumofArray", "sumofArray\sumofArray.csproj", "{4111546E-D558-44F7-9FB8-E8AF8087C574}"
EndProject
Project("{2150E333-8FDC-42A3-9474-1A3956D46DE8}") = "CrudPrac", "CrudPrac", "{303FA077-57C6-4207-90F8-267F05139210}"
EndProject
Project("{9A19103F-16F7-4668-BE54-9A1E7A4F7556}") = "Cruddemo", "Cruddemo\Cruddemo.csproj", "{726C3C28-EBCB-4755-8604-99FD72ECFFD4}"
EndProject
Project("{9A19103F-16F7-4668-BE54-9A1E7A4F7556}") = "CruddemoMVC", "CruddemoMVC\CruddemoMVC.csproj", "{896E7FB9-2012-4026-B712-4F51FF675C8C}"
EndProject
Project("{2150E333-8FDC-42A3-9474-1A3956D46DE8}") = "csharpnewTasks", "csharpnewTasks", "{E2E6379F-B16F-46A2-A14E-535232298E7F}"
EndProject
Project("{FAE04EC0-301F-11D3-BF4B-00C04F79EFBC}") = "Tasks1", "Tasks1\Tasks1.csproj", "{0BED2F47-089E-46F6-BF8F-834F92FF8C24}"
EndProject
Global
	GlobalSection(SolutionConfigurationPlatforms) = preSolution
		Debug|Any CPU = Debug|Any CPU
		Release|Any CPU = Release|Any CPU
	EndGlobalSection
	GlobalSection(ProjectConfigurationPlatforms) = postSolution
		{6B05B699-B041-48FA-83F4-5EA9445FE735}.Debug|Any CPU.ActiveCfg = Debug|Any CPU
		{6B05B699-B041-48FA-83F4-5EA9445FE735}.Debug|Any CPU.Build.0 = Debug|Any CPU
		{6B05B699-B041-48FA-83F4-5EA9445FE735}.Release|Any CPU.ActiveCfg = Release|Any CPU
		{6B05B699-B041-48FA-83F4-5EA9445FE735}.Release|Any CPU.Build.0 = Release|Any CPU
		{7A13FE01-9415-4863-8701-4D16469FED3F}.Debug|Any CPU.ActiveCfg = Debug|Any CPU
		{7A13FE01-9415-4863-8701-4D16469FED3F}.Debug|Any CPU.Build.0 = Debug|Any CPU
		{7A13FE01-9415-4863-8701-4D16469FED3F}.Release|Any CPU.ActiveCfg = Release|Any CPU
		{7A13FE01-9415-4863-8701-4D16469FED3F}.Release|Any CPU.Build.0 = Release|Any CPU
		{5F03B268-90ED-4CC5-868B-EDBEC6EF203A}.Debug|Any CPU.ActiveCfg = Debug|Any CPU
		{5F03B268-90ED-4CC5-868B-EDBEC6EF203A}.Debug|Any CPU.Build.0 = Debug|Any CPU
		{5F03B268-90ED-4CC5-868B-EDBEC6EF203A}.Release|Any CPU.ActiveCfg = Release|Any CPU
		{5F03B268-90ED-4CC5-868B-EDBEC6EF203A}.Release|Any CPU.Build.0 = Release|Any CPU
		{B12F19A1-CF87-4FD3-AE8B-D4557D735E74}.Debug|Any CPU.ActiveCfg = Debug|Any CPU
		{B12F19A1-CF87-4FD3-AE8B-D4557D735E74}.Debug|Any CPU.Build.0 = Debug|Any CPU
		{B12F19A1-CF87-4FD3-AE8B-D4557D735E74}.Release|Any CPU.ActiveCfg = Release|Any CPU
		{B12F19A1-CF87-4FD3-AE8B-D4557D735E74}.Release|Any CPU.Build.0 = Release|Any CPU
		{15473440-8A22-4AEB-BA15-104CF9C7FE8B}.Debug|Any CPU.ActiveCfg = Debug|Any CPU
		{15473440-8A22-4AEB-BA15-104CF9C7FE8B}.Debug|Any CPU.Build.0 = Debug|Any CPU
		{15473440-8A22-4AEB-BA15-104CF9C7FE8B}.Release|Any CPU.ActiveCfg = Release|Any CPU
		{15473440-8A22-4AEB-BA15-104CF9C7FE8B}.Release|Any CPU.Build.0 = Release|Any CPU
		{2D53B042-0F96-47FD-BD55-C5B5667542B7}.Debug|Any CPU.ActiveCfg = Debug|Any CPU
		{2D53B042-0F96-47FD-BD55-C5B5667542B7}.Debug|Any CPU.Build.0 = Debug|Any CPU
		{2D53B042-0F96-47FD-BD55-C5B5667542B7}.Release|Any CPU.ActiveCfg = Release|Any CPU
		{2D53B042-0F96-47FD-BD55-C5B5667542B7}.Release|Any CPU.Build.0 = Release|Any CPU
		{53513518-617A-402F-AB52-6E260C044C24}.Debug|Any CPU.ActiveCfg = Debug|Any CPU
		{53513518-617A-402F-AB52-6E260C044C24}.Debug|Any CPU.Build.0 = Debug|Any CPU
		{53513518-617A-402F-AB52-6E260C044C24}.Release|Any CPU.ActiveCfg = Release|Any CPU
		{53513518-617A-402F-AB52-6E260C044C24}.Release|Any CPU.Build.0 = Release|Any CPU
		{99947923-5F7A-44D4-9881-779B41592C68}.Debug|Any CPU.ActiveCfg = Debug|Any CPU
		{99947923-5F7A-44D4-9881-779B41592C68}.Debug|Any CPU.Build.0 = Debug|Any CPU
		{99947923-5F7A-44D4-9881-779B41592C68}.Release|Any CPU.ActiveCfg = Release|Any CPU
		{99947923-5F7A-44D4-9881-779B41592C68}.Release|Any CPU.Build.0 = Release|Any CPU
		{0422DACF-7C45-45BD-8763-E294346D140D}.Debug|Any CPU.ActiveCfg = Debug|Any CPU
		{0422DACF-7C45-45BD-8763-E294346D140D}.Debug|Any CPU.Build.0 = Debug|Any CPU
		{0422DACF-7C45-45BD-8763-E294346D140D}.Release|Any CPU.ActiveCfg = Release|Any CPU
		{0422DACF-7C45-45BD-8763-E294346D140D}.Release|Any CPU.Build.0 = Release|Any CPU
		{374CA8A3-015C-473C-9871-F1F7CD9E7021}.Debug|Any CPU.ActiveCfg = Debug|Any CPU
		{374CA8A3-015C-473C-9871-F1F7CD9E7021}.Debug|Any CPU.Build.0 = Debug|Any CPU
		{374CA8A3-015C-473C-9871-F1F7CD9E7021}.Release|Any CPU.ActiveCfg = Release|Any CPU
		{374CA8A3-015C-473C-9871-F1F7CD9E7021}.Release|Any CPU.Build.0 = Release|Any CPU
		{5A1AF419-AA07-4D90-9D8F-9511CBAA2793}.Debug|Any CPU.ActiveCfg = Debug|Any CPU
		{5A1AF419-AA07-4D90-9D8F-9511CBAA2793}.Debug|Any CPU.Build.0 = Debug|Any CPU
		{5A1AF419-AA07-4D90-9D8F-9511CBAA2793}.Release|Any CPU.ActiveCfg = Release|Any CPU
		{5A1AF419-AA07-4D90-9D8F-9511CBAA2793}.Release|Any CPU.Build.0 = Release|Any CPU
		{EF834AA7-284F-4F6E-B3C4-EC6A048B0B7F}.Debug|Any CPU.ActiveCfg = Debug|Any CPU
		{EF834AA7-284F-4F6E-B3C4-EC6A048B0B7F}.Debug|Any CPU.Build.0 = Debug|Any CPU
		{EF834AA7-284F-4F6E-B3C4-EC6A048B0B7F}.Release|Any CPU.ActiveCfg = Release|Any CPU
		{EF834AA7-284F-4F6E-B3C4-EC6A048B0B7F}.Release|Any CPU.Build.0 = Release|Any CPU
		{53A724BD-B1F5-401B-A33E-894308FD7078}.Debug|Any CPU.ActiveCfg = Debug|Any CPU
		{53A724BD-B1F5-401B-A33E-894308FD7078}.Debug|Any CPU.Build.0 = Debug|Any CPU
		{53A724BD-B1F5-401B-A33E-894308FD7078}.Release|Any CPU.ActiveCfg = Release|Any CPU
		{53A724BD-B1F5-401B-A33E-894308FD7078}.Release|Any CPU.Build.0 = Release|Any CPU
		{E85DF516-EE1D-4A82-A1D6-F596047D01B5}.Debug|Any CPU.ActiveCfg = Debug|Any CPU
		{E85DF516-EE1D-4A82-A1D6-F596047D01B5}.Debug|Any CPU.Build.0 = Debug|Any CPU
		{E85DF516-EE1D-4A82-A1D6-F596047D01B5}.Release|Any CPU.ActiveCfg = Release|Any CPU
		{E85DF516-EE1D-4A82-A1D6-F596047D01B5}.Release|Any CPU.Build.0 = Release|Any CPU
		{39A544BD-6904-4983-B5D9-9A47E3FC762B}.Debug|Any CPU.ActiveCfg = Debug|Any CPU
		{39A544BD-6904-4983-B5D9-9A47E3FC762B}.Debug|Any CPU.Build.0 = Debug|Any CPU
		{39A544BD-6904-4983-B5D9-9A47E3FC762B}.Release|Any CPU.ActiveCfg = Release|Any CPU
		{39A544BD-6904-4983-B5D9-9A47E3FC762B}.Release|Any CPU.Build.0 = Release|Any CPU
		{827B9A01-536C-4A8A-8989-887B7688FBAC}.Debug|Any CPU.ActiveCfg = Debug|Any CPU
		{827B9A01-536C-4A8A-8989-887B7688FBAC}.Debug|Any CPU.Build.0 = Debug|Any CPU
		{827B9A01-536C-4A8A-8989-887B7688FBAC}.Release|Any CPU.ActiveCfg = Release|Any CPU
		{827B9A01-536C-4A8A-8989-887B7688FBAC}.Release|Any CPU.Build.0 = Release|Any CPU
		{755F1670-37E9-46C1-867E-38C5BCD8CABE}.Debug|Any CPU.ActiveCfg = Debug|Any CPU
		{755F1670-37E9-46C1-867E-38C5BCD8CABE}.Debug|Any CPU.Build.0 = Debug|Any CPU
		{755F1670-37E9-46C1-867E-38C5BCD8CABE}.Release|Any CPU.ActiveCfg = Release|Any CPU
		{755F1670-37E9-46C1-867E-38C5BCD8CABE}.Release|Any CPU.Build.0 = Release|Any CPU
		{1CD785C4-C48A-4AA2-AB1A-49BC2A8E3C3A}.Debug|Any CPU.ActiveCfg = Debug|Any CPU
		{1CD785C4-C48A-4AA2-AB1A-49BC2A8E3C3A}.Debug|Any CPU.Build.0 = Debug|Any CPU
		{1CD785C4-C48A-4AA2-AB1A-49BC2A8E3C3A}.Release|Any CPU.ActiveCfg = Release|Any CPU
		{1CD785C4-C48A-4AA2-AB1A-49BC2A8E3C3A}.Release|Any CPU.Build.0 = Release|Any CPU
		{37E14EDF-4C21-44DC-B798-DCB0E34C30C2}.Debug|Any CPU.ActiveCfg = Debug|Any CPU
		{37E14EDF-4C21-44DC-B798-DCB0E34C30C2}.Debug|Any CPU.Build.0 = Debug|Any CPU
		{37E14EDF-4C21-44DC-B798-DCB0E34C30C2}.Release|Any CPU.ActiveCfg = Release|Any CPU
		{37E14EDF-4C21-44DC-B798-DCB0E34C30C2}.Release|Any CPU.Build.0 = Release|Any CPU
		{EFA084A0-FC58-4AAB-ADA5-88EFFBC16784}.Debug|Any CPU.ActiveCfg = Debug|Any CPU
		{EFA084A0-FC58-4AAB-ADA5-88EFFBC16784}.Debug|Any CPU.Build.0 = Debug|Any CPU
		{EFA084A0-FC58-4AAB-ADA5-88EFFBC16784}.Release|Any CPU.ActiveCfg = Release|Any CPU
		{EFA084A0-FC58-4AAB-ADA5-88EFFBC16784}.Release|Any CPU.Build.0 = Release|Any CPU
		{FC73CB2F-D898-4D1F-B196-F166DEF7BCE0}.Debug|Any CPU.ActiveCfg = Debug|Any CPU
		{FC73CB2F-D898-4D1F-B196-F166DEF7BCE0}.Debug|Any CPU.Build.0 = Debug|Any CPU
		{FC73CB2F-D898-4D1F-B196-F166DEF7BCE0}.Release|Any CPU.ActiveCfg = Release|Any CPU
		{FC73CB2F-D898-4D1F-B196-F166DEF7BCE0}.Release|Any CPU.Build.0 = Release|Any CPU
		{1C58B43C-2F8C-4FB8-9FA8-56400F194F9B}.Debug|Any CPU.ActiveCfg = Debug|Any CPU
		{1C58B43C-2F8C-4FB8-9FA8-56400F194F9B}.Debug|Any CPU.Build.0 = Debug|Any CPU
		{1C58B43C-2F8C-4FB8-9FA8-56400F194F9B}.Release|Any CPU.ActiveCfg = Release|Any CPU
		{1C58B43C-2F8C-4FB8-9FA8-56400F194F9B}.Release|Any CPU.Build.0 = Release|Any CPU
		{7F948D50-D2F4-4833-A5E6-E94D612A0FD5}.Debug|Any CPU.ActiveCfg = Debug|Any CPU
		{7F948D50-D2F4-4833-A5E6-E94D612A0FD5}.Debug|Any CPU.Build.0 = Debug|Any CPU
		{7F948D50-D2F4-4833-A5E6-E94D612A0FD5}.Release|Any CPU.ActiveCfg = Release|Any CPU
		{7F948D50-D2F4-4833-A5E6-E94D612A0FD5}.Release|Any CPU.Build.0 = Release|Any CPU
		{D648E358-AAA4-4CEC-B22C-CA8FB7097A00}.Debug|Any CPU.ActiveCfg = Debug|Any CPU
		{D648E358-AAA4-4CEC-B22C-CA8FB7097A00}.Debug|Any CPU.Build.0 = Debug|Any CPU
		{D648E358-AAA4-4CEC-B22C-CA8FB7097A00}.Release|Any CPU.ActiveCfg = Release|Any CPU
		{D648E358-AAA4-4CEC-B22C-CA8FB7097A00}.Release|Any CPU.Build.0 = Release|Any CPU
		{4A475C63-D6D5-4279-B05E-BE481F0B77A7}.Debug|Any CPU.ActiveCfg = Debug|Any CPU
		{4A475C63-D6D5-4279-B05E-BE481F0B77A7}.Debug|Any CPU.Build.0 = Debug|Any CPU
		{4A475C63-D6D5-4279-B05E-BE481F0B77A7}.Release|Any CPU.ActiveCfg = Release|Any CPU
		{4A475C63-D6D5-4279-B05E-BE481F0B77A7}.Release|Any CPU.Build.0 = Release|Any CPU
		{56F05278-DB52-4309-B347-85E30C20A5F7}.Debug|Any CPU.ActiveCfg = Debug|Any CPU
		{56F05278-DB52-4309-B347-85E30C20A5F7}.Debug|Any CPU.Build.0 = Debug|Any CPU
		{56F05278-DB52-4309-B347-85E30C20A5F7}.Release|Any CPU.ActiveCfg = Release|Any CPU
		{56F05278-DB52-4309-B347-85E30C20A5F7}.Release|Any CPU.Build.0 = Release|Any CPU
		{80FCF7ED-AB48-42C4-83F0-07542EB2584B}.Debug|Any CPU.ActiveCfg = Debug|Any CPU
		{80FCF7ED-AB48-42C4-83F0-07542EB2584B}.Debug|Any CPU.Build.0 = Debug|Any CPU
		{80FCF7ED-AB48-42C4-83F0-07542EB2584B}.Release|Any CPU.ActiveCfg = Release|Any CPU
		{80FCF7ED-AB48-42C4-83F0-07542EB2584B}.Release|Any CPU.Build.0 = Release|Any CPU
		{6DBE0E95-48D2-4F31-9E30-E9A7B4E54161}.Debug|Any CPU.ActiveCfg = Debug|Any CPU
		{6DBE0E95-48D2-4F31-9E30-E9A7B4E54161}.Debug|Any CPU.Build.0 = Debug|Any CPU
		{6DBE0E95-48D2-4F31-9E30-E9A7B4E54161}.Release|Any CPU.ActiveCfg = Release|Any CPU
		{6DBE0E95-48D2-4F31-9E30-E9A7B4E54161}.Release|Any CPU.Build.0 = Release|Any CPU
		{4111546E-D558-44F7-9FB8-E8AF8087C574}.Debug|Any CPU.ActiveCfg = Debug|Any CPU
		{4111546E-D558-44F7-9FB8-E8AF8087C574}.Debug|Any CPU.Build.0 = Debug|Any CPU
		{4111546E-D558-44F7-9FB8-E8AF8087C574}.Release|Any CPU.ActiveCfg = Release|Any CPU
		{4111546E-D558-44F7-9FB8-E8AF8087C574}.Release|Any CPU.Build.0 = Release|Any CPU
		{726C3C28-EBCB-4755-8604-99FD72ECFFD4}.Debug|Any CPU.ActiveCfg = Debug|Any CPU
		{726C3C28-EBCB-4755-8604-99FD72ECFFD4}.Debug|Any CPU.Build.0 = Debug|Any CPU
		{726C3C28-EBCB-4755-8604-99FD72ECFFD4}.Release|Any CPU.ActiveCfg = Release|Any CPU
		{726C3C28-EBCB-4755-8604-99FD72ECFFD4}.Release|Any CPU.Build.0 = Release|Any CPU
		{896E7FB9-2012-4026-B712-4F51FF675C8C}.Debug|Any CPU.ActiveCfg = Debug|Any CPU
		{896E7FB9-2012-4026-B712-4F51FF675C8C}.Debug|Any CPU.Build.0 = Debug|Any CPU
		{896E7FB9-2012-4026-B712-4F51FF675C8C}.Release|Any CPU.ActiveCfg = Release|Any CPU
		{896E7FB9-2012-4026-B712-4F51FF675C8C}.Release|Any CPU.Build.0 = Release|Any CPU
		{0BED2F47-089E-46F6-BF8F-834F92FF8C24}.Debug|Any CPU.ActiveCfg = Debug|Any CPU
		{0BED2F47-089E-46F6-BF8F-834F92FF8C24}.Debug|Any CPU.Build.0 = Debug|Any CPU
		{0BED2F47-089E-46F6-BF8F-834F92FF8C24}.Release|Any CPU.ActiveCfg = Release|Any CPU
		{0BED2F47-089E-46F6-BF8F-834F92FF8C24}.Release|Any CPU.Build.0 = Release|Any CPU
	EndGlobalSection
	GlobalSection(SolutionProperties) = preSolution
		HideSolutionNode = FALSE
	EndGlobalSection
	GlobalSection(NestedProjects) = preSolution
		{6B05B699-B041-48FA-83F4-5EA9445FE735} = {8B21E422-2427-43E5-B4F7-33C2C1A114AC}
		{7A13FE01-9415-4863-8701-4D16469FED3F} = {8B21E422-2427-43E5-B4F7-33C2C1A114AC}
		{5F03B268-90ED-4CC5-868B-EDBEC6EF203A} = {8B21E422-2427-43E5-B4F7-33C2C1A114AC}
		{B12F19A1-CF87-4FD3-AE8B-D4557D735E74} = {8B21E422-2427-43E5-B4F7-33C2C1A114AC}
		{2D53B042-0F96-47FD-BD55-C5B5667542B7} = {AE750B79-18B7-4830-940F-441713633864}
		{53513518-617A-402F-AB52-6E260C044C24} = {4E78C24B-A131-4741-9CF3-65ADC1EDF3A2}
		{99947923-5F7A-44D4-9881-779B41592C68} = {4E78C24B-A131-4741-9CF3-65ADC1EDF3A2}
		{374CA8A3-015C-473C-9871-F1F7CD9E7021} = {98DAE31B-3345-44D5-8590-C12555DA3C93}
		{5A1AF419-AA07-4D90-9D8F-9511CBAA2793} = {98DAE31B-3345-44D5-8590-C12555DA3C93}
		{EF834AA7-284F-4F6E-B3C4-EC6A048B0B7F} = {2CB5F388-9622-4730-AE67-B3C881A72EEC}
		{53A724BD-B1F5-401B-A33E-894308FD7078} = {2CB5F388-9622-4730-AE67-B3C881A72EEC}
		{E85DF516-EE1D-4A82-A1D6-F596047D01B5} = {2CB5F388-9622-4730-AE67-B3C881A72EEC}
		{39A544BD-6904-4983-B5D9-9A47E3FC762B} = {2CB5F388-9622-4730-AE67-B3C881A72EEC}
		{827B9A01-536C-4A8A-8989-887B7688FBAC} = {2CB5F388-9622-4730-AE67-B3C881A72EEC}
		{755F1670-37E9-46C1-867E-38C5BCD8CABE} = {2CB5F388-9622-4730-AE67-B3C881A72EEC}
		{1CD785C4-C48A-4AA2-AB1A-49BC2A8E3C3A} = {2CB5F388-9622-4730-AE67-B3C881A72EEC}
		{37E14EDF-4C21-44DC-B798-DCB0E34C30C2} = {2CB5F388-9622-4730-AE67-B3C881A72EEC}
		{EFA084A0-FC58-4AAB-ADA5-88EFFBC16784} = {2CB5F388-9622-4730-AE67-B3C881A72EEC}
		{FC73CB2F-D898-4D1F-B196-F166DEF7BCE0} = {2CB5F388-9622-4730-AE67-B3C881A72EEC}
		{1C58B43C-2F8C-4FB8-9FA8-56400F194F9B} = {2CB5F388-9622-4730-AE67-B3C881A72EEC}
		{7F948D50-D2F4-4833-A5E6-E94D612A0FD5} = {2CB5F388-9622-4730-AE67-B3C881A72EEC}
		{D648E358-AAA4-4CEC-B22C-CA8FB7097A00} = {2CB5F388-9622-4730-AE67-B3C881A72EEC}
		{4A475C63-D6D5-4279-B05E-BE481F0B77A7} = {2CB5F388-9622-4730-AE67-B3C881A72EEC}
		{56F05278-DB52-4309-B347-85E30C20A5F7} = {2CB5F388-9622-4730-AE67-B3C881A72EEC}
		{80FCF7ED-AB48-42C4-83F0-07542EB2584B} = {2CB5F388-9622-4730-AE67-B3C881A72EEC}
		{6DBE0E95-48D2-4F31-9E30-E9A7B4E54161} = {2CB5F388-9622-4730-AE67-B3C881A72EEC}
		{4111546E-D558-44F7-9FB8-E8AF8087C574} = {2CB5F388-9622-4730-AE67-B3C881A72EEC}
		{726C3C28-EBCB-4755-8604-99FD72ECFFD4} = {303FA077-57C6-4207-90F8-267F05139210}
		{896E7FB9-2012-4026-B712-4F51FF675C8C} = {303FA077-57C6-4207-90F8-267F05139210}
		{0BED2F47-089E-46F6-BF8F-834F92FF8C24} = {E2E6379F-B16F-46A2-A14E-535232298E7F}
	EndGlobalSection
	GlobalSection(ExtensibilityGlobals) = postSolution
		SolutionGuid = {7C8303F1-F6C6-49BC-B0B2-58472F3F96A3}
	EndGlobalSection
EndGlobal
